// !$*UTF8*$!
{
	archiveVersion = 1;
	classes = {
	};
	objectVersion = 56;
	objects = {

/* Begin PBXBuildFile section */
		9DB9B1C62954B53C00FBC8B2 /* AppDelegate.swift in Sources */ = {isa = PBXBuildFile; fileRef = 9DB9B1C52954B53C00FBC8B2 /* AppDelegate.swift */; };
		9DB9B1C82954B53C00FBC8B2 /* SceneDelegate.swift in Sources */ = {isa = PBXBuildFile; fileRef = 9DB9B1C72954B53C00FBC8B2 /* SceneDelegate.swift */; };
		9DB9B1CA2954B53C00FBC8B2 /* MainViewController.swift in Sources */ = {isa = PBXBuildFile; fileRef = 9DB9B1C92954B53C00FBC8B2 /* MainViewController.swift */; };
		9DB9B1CD2954B53C00FBC8B2 /* Main.storyboard in Resources */ = {isa = PBXBuildFile; fileRef = 9DB9B1CB2954B53C00FBC8B2 /* Main.storyboard */; };
		9DB9B1D02954B53C00FBC8B2 /* TaskCountdown.xcdatamodeld in Sources */ = {isa = PBXBuildFile; fileRef = 9DB9B1CE2954B53C00FBC8B2 /* TaskCountdown.xcdatamodeld */; };
		9DB9B1D22954B53D00FBC8B2 /* Assets.xcassets in Resources */ = {isa = PBXBuildFile; fileRef = 9DB9B1D12954B53D00FBC8B2 /* Assets.xcassets */; };
		9DB9B1D52954B53D00FBC8B2 /* LaunchScreen.storyboard in Resources */ = {isa = PBXBuildFile; fileRef = 9DB9B1D32954B53D00FBC8B2 /* LaunchScreen.storyboard */; };
		9DB9B1F12954B74100FBC8B2 /* Code Pro Bold LC.otf in Resources */ = {isa = PBXBuildFile; fileRef = 9DB9B1E72954B74100FBC8B2 /* Code Pro Bold LC.otf */; };
		9DB9B1F22954B74100FBC8B2 /* Code Pro LC.otf in Resources */ = {isa = PBXBuildFile; fileRef = 9DB9B1E82954B74100FBC8B2 /* Code Pro LC.otf */; };
		9DB9B1F32954B74100FBC8B2 /* Montserrat-LightItalic.ttf in Resources */ = {isa = PBXBuildFile; fileRef = 9DB9B1EA2954B74100FBC8B2 /* Montserrat-LightItalic.ttf */; };
		9DB9B1F42954B74100FBC8B2 /* Montserrat-Medium.ttf in Resources */ = {isa = PBXBuildFile; fileRef = 9DB9B1EB2954B74100FBC8B2 /* Montserrat-Medium.ttf */; };
		9DB9B1F52954B74100FBC8B2 /* Montserrat-BoldItalic.ttf in Resources */ = {isa = PBXBuildFile; fileRef = 9DB9B1EC2954B74100FBC8B2 /* Montserrat-BoldItalic.ttf */; };
		9DB9B1F62954B74100FBC8B2 /* Montserrat-Bold.ttf in Resources */ = {isa = PBXBuildFile; fileRef = 9DB9B1ED2954B74100FBC8B2 /* Montserrat-Bold.ttf */; };
		9DB9B1F72954B74100FBC8B2 /* Montserrat-MediumItalic.ttf in Resources */ = {isa = PBXBuildFile; fileRef = 9DB9B1EE2954B74100FBC8B2 /* Montserrat-MediumItalic.ttf */; };
		9DB9B1F82954B74100FBC8B2 /* Montserrat-SemiBold.ttf in Resources */ = {isa = PBXBuildFile; fileRef = 9DB9B1EF2954B74100FBC8B2 /* Montserrat-SemiBold.ttf */; };
		9DB9B1F92954B74100FBC8B2 /* Montserrat-SemiBoldItalic.ttf in Resources */ = {isa = PBXBuildFile; fileRef = 9DB9B1F02954B74100FBC8B2 /* Montserrat-SemiBoldItalic.ttf */; };
		9DB9B1FB2954CB5300FBC8B2 /* ColorExtensions.swift in Sources */ = {isa = PBXBuildFile; fileRef = 9DB9B1FA2954CB5300FBC8B2 /* ColorExtensions.swift */; };
		9DB9B1FD2954CD4F00FBC8B2 /* FoundationExtensions.swift in Sources */ = {isa = PBXBuildFile; fileRef = 9DB9B1FC2954CD4F00FBC8B2 /* FoundationExtensions.swift */; };
		9DB9B1FF2954CDC400FBC8B2 /* Box.swift in Sources */ = {isa = PBXBuildFile; fileRef = 9DB9B1FE2954CDC400FBC8B2 /* Box.swift */; };
		9DB9B2012954CE9F00FBC8B2 /* Constants.swift in Sources */ = {isa = PBXBuildFile; fileRef = 9DB9B2002954CE9F00FBC8B2 /* Constants.swift */; };
		9DB9B2032954D12F00FBC8B2 /* Task.swift in Sources */ = {isa = PBXBuildFile; fileRef = 9DB9B2022954D12F00FBC8B2 /* Task.swift */; };
		9DB9B2072954D1C000FBC8B2 /* TaskViewModel.swift in Sources */ = {isa = PBXBuildFile; fileRef = 9DB9B2062954D1C000FBC8B2 /* TaskViewModel.swift */; };
		9DB9B2092954D3D900FBC8B2 /* NewTaskViewController.swift in Sources */ = {isa = PBXBuildFile; fileRef = 9DB9B2082954D3D900FBC8B2 /* NewTaskViewController.swift */; };
/* End PBXBuildFile section */

/* Begin PBXFileReference section */
		9DB9B1C22954B53C00FBC8B2 /* TaskCountdown.app */ = {isa = PBXFileReference; explicitFileType = wrapper.application; includeInIndex = 0; path = TaskCountdown.app; sourceTree = BUILT_PRODUCTS_DIR; };
		9DB9B1C52954B53C00FBC8B2 /* AppDelegate.swift */ = {isa = PBXFileReference; lastKnownFileType = sourcecode.swift; path = AppDelegate.swift; sourceTree = "<group>"; };
		9DB9B1C72954B53C00FBC8B2 /* SceneDelegate.swift */ = {isa = PBXFileReference; lastKnownFileType = sourcecode.swift; path = SceneDelegate.swift; sourceTree = "<group>"; };
		9DB9B1C92954B53C00FBC8B2 /* MainViewController.swift */ = {isa = PBXFileReference; lastKnownFileType = sourcecode.swift; path = MainViewController.swift; sourceTree = "<group>"; };
		9DB9B1CC2954B53C00FBC8B2 /* Base */ = {isa = PBXFileReference; lastKnownFileType = file.storyboard; name = Base; path = Base.lproj/Main.storyboard; sourceTree = "<group>"; };
		9DB9B1CF2954B53C00FBC8B2 /* TaskCountdown.xcdatamodel */ = {isa = PBXFileReference; lastKnownFileType = wrapper.xcdatamodel; path = TaskCountdown.xcdatamodel; sourceTree = "<group>"; };
		9DB9B1D12954B53D00FBC8B2 /* Assets.xcassets */ = {isa = PBXFileReference; lastKnownFileType = folder.assetcatalog; path = Assets.xcassets; sourceTree = "<group>"; };
		9DB9B1D42954B53D00FBC8B2 /* Base */ = {isa = PBXFileReference; lastKnownFileType = file.storyboard; name = Base; path = Base.lproj/LaunchScreen.storyboard; sourceTree = "<group>"; };
		9DB9B1D62954B53D00FBC8B2 /* Info.plist */ = {isa = PBXFileReference; lastKnownFileType = text.plist.xml; path = Info.plist; sourceTree = "<group>"; };
		9DB9B1E72954B74100FBC8B2 /* Code Pro Bold LC.otf */ = {isa = PBXFileReference; lastKnownFileType = file; path = "Code Pro Bold LC.otf"; sourceTree = "<group>"; };
		9DB9B1E82954B74100FBC8B2 /* Code Pro LC.otf */ = {isa = PBXFileReference; lastKnownFileType = file; path = "Code Pro LC.otf"; sourceTree = "<group>"; };
		9DB9B1EA2954B74100FBC8B2 /* Montserrat-LightItalic.ttf */ = {isa = PBXFileReference; lastKnownFileType = file; path = "Montserrat-LightItalic.ttf"; sourceTree = "<group>"; };
		9DB9B1EB2954B74100FBC8B2 /* Montserrat-Medium.ttf */ = {isa = PBXFileReference; lastKnownFileType = file; path = "Montserrat-Medium.ttf"; sourceTree = "<group>"; };
		9DB9B1EC2954B74100FBC8B2 /* Montserrat-BoldItalic.ttf */ = {isa = PBXFileReference; lastKnownFileType = file; path = "Montserrat-BoldItalic.ttf"; sourceTree = "<group>"; };
		9DB9B1ED2954B74100FBC8B2 /* Montserrat-Bold.ttf */ = {isa = PBXFileReference; lastKnownFileType = file; path = "Montserrat-Bold.ttf"; sourceTree = "<group>"; };
		9DB9B1EE2954B74100FBC8B2 /* Montserrat-MediumItalic.ttf */ = {isa = PBXFileReference; lastKnownFileType = file; path = "Montserrat-MediumItalic.ttf"; sourceTree = "<group>"; };
		9DB9B1EF2954B74100FBC8B2 /* Montserrat-SemiBold.ttf */ = {isa = PBXFileReference; lastKnownFileType = file; path = "Montserrat-SemiBold.ttf"; sourceTree = "<group>"; };
		9DB9B1F02954B74100FBC8B2 /* Montserrat-SemiBoldItalic.ttf */ = {isa = PBXFileReference; lastKnownFileType = file; path = "Montserrat-SemiBoldItalic.ttf"; sourceTree = "<group>"; };
		9DB9B1FA2954CB5300FBC8B2 /* ColorExtensions.swift */ = {isa = PBXFileReference; lastKnownFileType = sourcecode.swift; path = ColorExtensions.swift; sourceTree = "<group>"; };
		9DB9B1FC2954CD4F00FBC8B2 /* FoundationExtensions.swift */ = {isa = PBXFileReference; lastKnownFileType = sourcecode.swift; path = FoundationExtensions.swift; sourceTree = "<group>"; };
		9DB9B1FE2954CDC400FBC8B2 /* Box.swift */ = {isa = PBXFileReference; lastKnownFileType = sourcecode.swift; path = Box.swift; sourceTree = "<group>"; };
		9DB9B2002954CE9F00FBC8B2 /* Constants.swift */ = {isa = PBXFileReference; lastKnownFileType = sourcecode.swift; path = Constants.swift; sourceTree = "<group>"; };
		9DB9B2022954D12F00FBC8B2 /* Task.swift */ = {isa = PBXFileReference; lastKnownFileType = sourcecode.swift; path = Task.swift; sourceTree = "<group>"; };
		9DB9B2062954D1C000FBC8B2 /* TaskViewModel.swift */ = {isa = PBXFileReference; lastKnownFileType = sourcecode.swift; path = TaskViewModel.swift; sourceTree = "<group>"; };
		9DB9B2082954D3D900FBC8B2 /* NewTaskViewController.swift */ = {isa = PBXFileReference; lastKnownFileType = sourcecode.swift; path = NewTaskViewController.swift; sourceTree = "<group>"; };
/* End PBXFileReference section */

/* Begin PBXFrameworksBuildPhase section */
		9DB9B1BF2954B53C00FBC8B2 /* Frameworks */ = {
			isa = PBXFrameworksBuildPhase;
			buildActionMask = 2147483647;
			files = (
			);
			runOnlyForDeploymentPostprocessing = 0;
		};
/* End PBXFrameworksBuildPhase section */

/* Begin PBXGroup section */
		9DB9B1B92954B53C00FBC8B2 = {
			isa = PBXGroup;
			children = (
				9DB9B1C42954B53C00FBC8B2 /* TaskCountdown */,
				9DB9B1C32954B53C00FBC8B2 /* Products */,
			);
			sourceTree = "<group>";
		};
		9DB9B1C32954B53C00FBC8B2 /* Products */ = {
			isa = PBXGroup;
			children = (
				9DB9B1C22954B53C00FBC8B2 /* TaskCountdown.app */,
			);
			name = Products;
			sourceTree = "<group>";
		};
		9DB9B1C42954B53C00FBC8B2 /* TaskCountdown */ = {
			isa = PBXGroup;
			children = (
				9DB9B1E42954B6AC00FBC8B2 /* Extensions */,
				9DB9B1DD2954B5DA00FBC8B2 /* Code */,
				9DB9B1E32954B6A700FBC8B2 /* Utils */,
				9DB9B1DC2954B58B00FBC8B2 /* Resources */,
			);
			path = TaskCountdown;
			sourceTree = "<group>";
		};
		9DB9B1DC2954B58B00FBC8B2 /* Resources */ = {
			isa = PBXGroup;
			children = (
				9DB9B1E52954B6C400FBC8B2 /* Fonts */,
				9DB9B1D12954B53D00FBC8B2 /* Assets.xcassets */,
				9DB9B1D32954B53D00FBC8B2 /* LaunchScreen.storyboard */,
				9DB9B1D62954B53D00FBC8B2 /* Info.plist */,
				9DB9B1CE2954B53C00FBC8B2 /* TaskCountdown.xcdatamodeld */,
			);
			path = Resources;
			sourceTree = "<group>";
		};
		9DB9B1DD2954B5DA00FBC8B2 /* Code */ = {
			isa = PBXGroup;
			children = (
				9DB9B1DE2954B63A00FBC8B2 /* Controllers */,
				9DB9B1E12954B66E00FBC8B2 /* Models */,
				9DB9B1DF2954B64000FBC8B2 /* Modules */,
				9DB9B1E22954B67400FBC8B2 /* Services */,
			);
			path = Code;
			sourceTree = "<group>";
		};
		9DB9B1DE2954B63A00FBC8B2 /* Controllers */ = {
			isa = PBXGroup;
			children = (
				9DB9B1C52954B53C00FBC8B2 /* AppDelegate.swift */,
				9DB9B1C72954B53C00FBC8B2 /* SceneDelegate.swift */,
				9DB9B1FE2954CDC400FBC8B2 /* Box.swift */,
			);
			path = Controllers;
			sourceTree = "<group>";
		};
		9DB9B1DF2954B64000FBC8B2 /* Modules */ = {
			isa = PBXGroup;
			children = (
				9DB9B1E02954B65900FBC8B2 /* Main */,
			);
			path = Modules;
			sourceTree = "<group>";
		};
		9DB9B1E02954B65900FBC8B2 /* Main */ = {
			isa = PBXGroup;
			children = (
				9DB9B2052954D1AE00FBC8B2 /* ViewModels */,
				9DB9B2042954D1A100FBC8B2 /* Cells */,
				9DB9B1C92954B53C00FBC8B2 /* MainViewController.swift */,
				9DB9B2082954D3D900FBC8B2 /* NewTaskViewController.swift */,
				9DB9B1CB2954B53C00FBC8B2 /* Main.storyboard */,
			);
			path = Main;
			sourceTree = "<group>";
		};
		9DB9B1E12954B66E00FBC8B2 /* Models */ = {
			isa = PBXGroup;
			children = (
				9DB9B2022954D12F00FBC8B2 /* Task.swift */,
			);
			path = Models;
			sourceTree = "<group>";
		};
		9DB9B1E22954B67400FBC8B2 /* Services */ = {
			isa = PBXGroup;
			children = (
			);
			path = Services;
			sourceTree = "<group>";
		};
		9DB9B1E32954B6A700FBC8B2 /* Utils */ = {
			isa = PBXGroup;
			children = (
				9DB9B2002954CE9F00FBC8B2 /* Constants.swift */,
			);
			path = Utils;
			sourceTree = "<group>";
		};
		9DB9B1E42954B6AC00FBC8B2 /* Extensions */ = {
			isa = PBXGroup;
			children = (
				9DB9B1FA2954CB5300FBC8B2 /* ColorExtensions.swift */,
				9DB9B1FC2954CD4F00FBC8B2 /* FoundationExtensions.swift */,
			);
			path = Extensions;
			sourceTree = "<group>";
		};
		9DB9B1E52954B6C400FBC8B2 /* Fonts */ = {
			isa = PBXGroup;
			children = (
				9DB9B1E62954B74100FBC8B2 /* Code-Pro */,
				9DB9B1E92954B74100FBC8B2 /* Montserrat */,
			);
			path = Fonts;
			sourceTree = "<group>";
		};
		9DB9B1E62954B74100FBC8B2 /* Code-Pro */ = {
			isa = PBXGroup;
			children = (
				9DB9B1E72954B74100FBC8B2 /* Code Pro Bold LC.otf */,
				9DB9B1E82954B74100FBC8B2 /* Code Pro LC.otf */,
			);
			path = "Code-Pro";
			sourceTree = "<group>";
		};
		9DB9B1E92954B74100FBC8B2 /* Montserrat */ = {
			isa = PBXGroup;
			children = (
				9DB9B1EA2954B74100FBC8B2 /* Montserrat-LightItalic.ttf */,
				9DB9B1EB2954B74100FBC8B2 /* Montserrat-Medium.ttf */,
				9DB9B1EC2954B74100FBC8B2 /* Montserrat-BoldItalic.ttf */,
				9DB9B1ED2954B74100FBC8B2 /* Montserrat-Bold.ttf */,
				9DB9B1EE2954B74100FBC8B2 /* Montserrat-MediumItalic.ttf */,
				9DB9B1EF2954B74100FBC8B2 /* Montserrat-SemiBold.ttf */,
				9DB9B1F02954B74100FBC8B2 /* Montserrat-SemiBoldItalic.ttf */,
			);
			path = Montserrat;
			sourceTree = "<group>";
		};
		9DB9B2042954D1A100FBC8B2 /* Cells */ = {
			isa = PBXGroup;
			children = (
			);
			path = Cells;
			sourceTree = "<group>";
		};
		9DB9B2052954D1AE00FBC8B2 /* ViewModels */ = {
			isa = PBXGroup;
			children = (
				9DB9B2062954D1C000FBC8B2 /* TaskViewModel.swift */,
			);
			path = ViewModels;
			sourceTree = "<group>";
		};
/* End PBXGroup section */

/* Begin PBXNativeTarget section */
		9DB9B1C12954B53C00FBC8B2 /* TaskCountdown */ = {
			isa = PBXNativeTarget;
			buildConfigurationList = 9DB9B1D92954B53D00FBC8B2 /* Build configuration list for PBXNativeTarget "TaskCountdown" */;
			buildPhases = (
				9DB9B1BE2954B53C00FBC8B2 /* Sources */,
				9DB9B1BF2954B53C00FBC8B2 /* Frameworks */,
				9DB9B1C02954B53C00FBC8B2 /* Resources */,
			);
			buildRules = (
			);
			dependencies = (
			);
			name = TaskCountdown;
			productName = TaskCountdown;
			productReference = 9DB9B1C22954B53C00FBC8B2 /* TaskCountdown.app */;
			productType = "com.apple.product-type.application";
		};
/* End PBXNativeTarget section */

/* Begin PBXProject section */
		9DB9B1BA2954B53C00FBC8B2 /* Project object */ = {
			isa = PBXProject;
			attributes = {
				BuildIndependentTargetsInParallel = 1;
				LastSwiftUpdateCheck = 1420;
				LastUpgradeCheck = 1420;
				TargetAttributes = {
					9DB9B1C12954B53C00FBC8B2 = {
						CreatedOnToolsVersion = 14.2;
					};
				};
			};
			buildConfigurationList = 9DB9B1BD2954B53C00FBC8B2 /* Build configuration list for PBXProject "TaskCountdown" */;
			compatibilityVersion = "Xcode 14.0";
			developmentRegion = en;
			hasScannedForEncodings = 0;
			knownRegions = (
				en,
				Base,
			);
			mainGroup = 9DB9B1B92954B53C00FBC8B2;
			productRefGroup = 9DB9B1C32954B53C00FBC8B2 /* Products */;
			projectDirPath = "";
			projectRoot = "";
			targets = (
				9DB9B1C12954B53C00FBC8B2 /* TaskCountdown */,
			);
		};
/* End PBXProject section */

/* Begin PBXResourcesBuildPhase section */
		9DB9B1C02954B53C00FBC8B2 /* Resources */ = {
			isa = PBXResourcesBuildPhase;
			buildActionMask = 2147483647;
			files = (
				9DB9B1F72954B74100FBC8B2 /* Montserrat-MediumItalic.ttf in Resources */,
				9DB9B1F82954B74100FBC8B2 /* Montserrat-SemiBold.ttf in Resources */,
				9DB9B1F52954B74100FBC8B2 /* Montserrat-BoldItalic.ttf in Resources */,
				9DB9B1D52954B53D00FBC8B2 /* LaunchScreen.storyboard in Resources */,
				9DB9B1D22954B53D00FBC8B2 /* Assets.xcassets in Resources */,
				9DB9B1F32954B74100FBC8B2 /* Montserrat-LightItalic.ttf in Resources */,
				9DB9B1F92954B74100FBC8B2 /* Montserrat-SemiBoldItalic.ttf in Resources */,
				9DB9B1F42954B74100FBC8B2 /* Montserrat-Medium.ttf in Resources */,
				9DB9B1F62954B74100FBC8B2 /* Montserrat-Bold.ttf in Resources */,
				9DB9B1F22954B74100FBC8B2 /* Code Pro LC.otf in Resources */,
				9DB9B1CD2954B53C00FBC8B2 /* Main.storyboard in Resources */,
				9DB9B1F12954B74100FBC8B2 /* Code Pro Bold LC.otf in Resources */,
			);
			runOnlyForDeploymentPostprocessing = 0;
		};
/* End PBXResourcesBuildPhase section */

/* Begin PBXSourcesBuildPhase section */
		9DB9B1BE2954B53C00FBC8B2 /* Sources */ = {
			isa = PBXSourcesBuildPhase;
			buildActionMask = 2147483647;
			files = (
				9DB9B1CA2954B53C00FBC8B2 /* MainViewController.swift in Sources */,
				9DB9B1FF2954CDC400FBC8B2 /* Box.swift in Sources */,
				9DB9B1FB2954CB5300FBC8B2 /* ColorExtensions.swift in Sources */,
				9DB9B2092954D3D900FBC8B2 /* NewTaskViewController.swift in Sources */,
				9DB9B2072954D1C000FBC8B2 /* TaskViewModel.swift in Sources */,
				9DB9B1FD2954CD4F00FBC8B2 /* FoundationExtensions.swift in Sources */,
				9DB9B1C62954B53C00FBC8B2 /* AppDelegate.swift in Sources */,
				9DB9B1D02954B53C00FBC8B2 /* TaskCountdown.xcdatamodeld in Sources */,
				9DB9B1C82954B53C00FBC8B2 /* SceneDelegate.swift in Sources */,
				9DB9B2032954D12F00FBC8B2 /* Task.swift in Sources */,
				9DB9B2012954CE9F00FBC8B2 /* Constants.swift in Sources */,
			);
			runOnlyForDeploymentPostprocessing = 0;
		};
/* End PBXSourcesBuildPhase section */

/* Begin PBXVariantGroup section */
		9DB9B1CB2954B53C00FBC8B2 /* Main.storyboard */ = {
			isa = PBXVariantGroup;
			children = (
				9DB9B1CC2954B53C00FBC8B2 /* Base */,
			);
			name = Main.storyboard;
			sourceTree = "<group>";
		};
		9DB9B1D32954B53D00FBC8B2 /* LaunchScreen.storyboard */ = {
			isa = PBXVariantGroup;
			children = (
				9DB9B1D42954B53D00FBC8B2 /* Base */,
			);
			name = LaunchScreen.storyboard;
			sourceTree = "<group>";
		};
/* End PBXVariantGroup section */

/* Begin XCBuildConfiguration section */
		9DB9B1D72954B53D00FBC8B2 /* Debug */ = {
			isa = XCBuildConfiguration;
			buildSettings = {
				ALWAYS_SEARCH_USER_PATHS = NO;
				CLANG_ANALYZER_NONNULL = YES;
				CLANG_ANALYZER_NUMBER_OBJECT_CONVERSION = YES_AGGRESSIVE;
				CLANG_CXX_LANGUAGE_STANDARD = "gnu++20";
				CLANG_ENABLE_MODULES = YES;
				CLANG_ENABLE_OBJC_ARC = YES;
				CLANG_ENABLE_OBJC_WEAK = YES;
				CLANG_WARN_BLOCK_CAPTURE_AUTORELEASING = YES;
				CLANG_WARN_BOOL_CONVERSION = YES;
				CLANG_WARN_COMMA = YES;
				CLANG_WARN_CONSTANT_CONVERSION = YES;
				CLANG_WARN_DEPRECATED_OBJC_IMPLEMENTATIONS = YES;
				CLANG_WARN_DIRECT_OBJC_ISA_USAGE = YES_ERROR;
				CLANG_WARN_DOCUMENTATION_COMMENTS = YES;
				CLANG_WARN_EMPTY_BODY = YES;
				CLANG_WARN_ENUM_CONVERSION = YES;
				CLANG_WARN_INFINITE_RECURSION = YES;
				CLANG_WARN_INT_CONVERSION = YES;
				CLANG_WARN_NON_LITERAL_NULL_CONVERSION = YES;
				CLANG_WARN_OBJC_IMPLICIT_RETAIN_SELF = YES;
				CLANG_WARN_OBJC_LITERAL_CONVERSION = YES;
				CLANG_WARN_OBJC_ROOT_CLASS = YES_ERROR;
				CLANG_WARN_QUOTED_INCLUDE_IN_FRAMEWORK_HEADER = YES;
				CLANG_WARN_RANGE_LOOP_ANALYSIS = YES;
				CLANG_WARN_STRICT_PROTOTYPES = YES;
				CLANG_WARN_SUSPICIOUS_MOVE = YES;
				CLANG_WARN_UNGUARDED_AVAILABILITY = YES_AGGRESSIVE;
				CLANG_WARN_UNREACHABLE_CODE = YES;
				CLANG_WARN__DUPLICATE_METHOD_MATCH = YES;
				COPY_PHASE_STRIP = NO;
				DEBUG_INFORMATION_FORMAT = dwarf;
				ENABLE_STRICT_OBJC_MSGSEND = YES;
				ENABLE_TESTABILITY = YES;
				GCC_C_LANGUAGE_STANDARD = gnu11;
				GCC_DYNAMIC_NO_PIC = NO;
				GCC_NO_COMMON_BLOCKS = YES;
				GCC_OPTIMIZATION_LEVEL = 0;
				GCC_PREPROCESSOR_DEFINITIONS = (
					"DEBUG=1",
					"$(inherited)",
				);
				GCC_WARN_64_TO_32_BIT_CONVERSION = YES;
				GCC_WARN_ABOUT_RETURN_TYPE = YES_ERROR;
				GCC_WARN_UNDECLARED_SELECTOR = YES;
				GCC_WARN_UNINITIALIZED_AUTOS = YES_AGGRESSIVE;
				GCC_WARN_UNUSED_FUNCTION = YES;
				GCC_WARN_UNUSED_VARIABLE = YES;
				IPHONEOS_DEPLOYMENT_TARGET = 16.2;
				MTL_ENABLE_DEBUG_INFO = INCLUDE_SOURCE;
				MTL_FAST_MATH = YES;
				ONLY_ACTIVE_ARCH = YES;
				SDKROOT = iphoneos;
				SWIFT_ACTIVE_COMPILATION_CONDITIONS = DEBUG;
				SWIFT_OPTIMIZATION_LEVEL = "-Onone";
			};
			name = Debug;
		};
		9DB9B1D82954B53D00FBC8B2 /* Release */ = {
			isa = XCBuildConfiguration;
			buildSettings = {
				ALWAYS_SEARCH_USER_PATHS = NO;
				CLANG_ANALYZER_NONNULL = YES;
				CLANG_ANALYZER_NUMBER_OBJECT_CONVERSION = YES_AGGRESSIVE;
				CLANG_CXX_LANGUAGE_STANDARD = "gnu++20";
				CLANG_ENABLE_MODULES = YES;
				CLANG_ENABLE_OBJC_ARC = YES;
				CLANG_ENABLE_OBJC_WEAK = YES;
				CLANG_WARN_BLOCK_CAPTURE_AUTORELEASING = YES;
				CLANG_WARN_BOOL_CONVERSION = YES;
				CLANG_WARN_COMMA = YES;
				CLANG_WARN_CONSTANT_CONVERSION = YES;
				CLANG_WARN_DEPRECATED_OBJC_IMPLEMENTATIONS = YES;
				CLANG_WARN_DIRECT_OBJC_ISA_USAGE = YES_ERROR;
				CLANG_WARN_DOCUMENTATION_COMMENTS = YES;
				CLANG_WARN_EMPTY_BODY = YES;
				CLANG_WARN_ENUM_CONVERSION = YES;
				CLANG_WARN_INFINITE_RECURSION = YES;
				CLANG_WARN_INT_CONVERSION = YES;
				CLANG_WARN_NON_LITERAL_NULL_CONVERSION = YES;
				CLANG_WARN_OBJC_IMPLICIT_RETAIN_SELF = YES;
				CLANG_WARN_OBJC_LITERAL_CONVERSION = YES;
				CLANG_WARN_OBJC_ROOT_CLASS = YES_ERROR;
				CLANG_WARN_QUOTED_INCLUDE_IN_FRAMEWORK_HEADER = YES;
				CLANG_WARN_RANGE_LOOP_ANALYSIS = YES;
				CLANG_WARN_STRICT_PROTOTYPES = YES;
				CLANG_WARN_SUSPICIOUS_MOVE = YES;
				CLANG_WARN_UNGUARDED_AVAILABILITY = YES_AGGRESSIVE;
				CLANG_WARN_UNREACHABLE_CODE = YES;
				CLANG_WARN__DUPLICATE_METHOD_MATCH = YES;
				COPY_PHASE_STRIP = NO;
				DEBUG_INFORMATION_FORMAT = "dwarf-with-dsym";
				ENABLE_NS_ASSERTIONS = NO;
				ENABLE_STRICT_OBJC_MSGSEND = YES;
				GCC_C_LANGUAGE_STANDARD = gnu11;
				GCC_NO_COMMON_BLOCKS = YES;
				GCC_WARN_64_TO_32_BIT_CONVERSION = YES;
				GCC_WARN_ABOUT_RETURN_TYPE = YES_ERROR;
				GCC_WARN_UNDECLARED_SELECTOR = YES;
				GCC_WARN_UNINITIALIZED_AUTOS = YES_AGGRESSIVE;
				GCC_WARN_UNUSED_FUNCTION = YES;
				GCC_WARN_UNUSED_VARIABLE = YES;
				IPHONEOS_DEPLOYMENT_TARGET = 16.2;
				MTL_ENABLE_DEBUG_INFO = NO;
				MTL_FAST_MATH = YES;
				SDKROOT = iphoneos;
				SWIFT_COMPILATION_MODE = wholemodule;
				SWIFT_OPTIMIZATION_LEVEL = "-O";
				VALIDATE_PRODUCT = YES;
			};
			name = Release;
		};
		9DB9B1DA2954B53D00FBC8B2 /* Debug */ = {
			isa = XCBuildConfiguration;
			buildSettings = {
				ASSETCATALOG_COMPILER_APPICON_NAME = AppIcon;
				ASSETCATALOG_COMPILER_GLOBAL_ACCENT_COLOR_NAME = AccentColor;
				CODE_SIGN_STYLE = Automatic;
				CURRENT_PROJECT_VERSION = 1;
				DEVELOPMENT_TEAM = ZDJ95T6M99;
				GENERATE_INFOPLIST_FILE = YES;
				INFOPLIST_FILE = TaskCountdown/Resources/Info.plist;
				INFOPLIST_KEY_UIApplicationSupportsIndirectInputEvents = YES;
				INFOPLIST_KEY_UILaunchStoryboardName = LaunchScreen;
				INFOPLIST_KEY_UIMainStoryboardFile = Main;
				INFOPLIST_KEY_UISupportedInterfaceOrientations = UIInterfaceOrientationPortrait;
				INFOPLIST_KEY_UISupportedInterfaceOrientations_iPad = "UIInterfaceOrientationLandscapeLeft UIInterfaceOrientationLandscapeRight UIInterfaceOrientationPortrait UIInterfaceOrientationPortraitUpsideDown";
				LD_RUNPATH_SEARCH_PATHS = (
					"$(inherited)",
					"@executable_path/Frameworks",
				);
				MARKETING_VERSION = 1.0;
				PRODUCT_BUNDLE_IDENTIFIER = io.woozoobro.TaskCountdown;
				PRODUCT_NAME = "$(TARGET_NAME)";
				SWIFT_EMIT_LOC_STRINGS = YES;
				SWIFT_VERSION = 5.0;
				TARGETED_DEVICE_FAMILY = "1,2";
			};
			name = Debug;
		};
		9DB9B1DB2954B53D00FBC8B2 /* Release */ = {
			isa = XCBuildConfiguration;
			buildSettings = {
				ASSETCATALOG_COMPILER_APPICON_NAME = AppIcon;
				ASSETCATALOG_COMPILER_GLOBAL_ACCENT_COLOR_NAME = AccentColor;
				CODE_SIGN_STYLE = Automatic;
				CURRENT_PROJECT_VERSION = 1;
				DEVELOPMENT_TEAM = ZDJ95T6M99;
				GENERATE_INFOPLIST_FILE = YES;
				INFOPLIST_FILE = TaskCountdown/Resources/Info.plist;
				INFOPLIST_KEY_UIApplicationSupportsIndirectInputEvents = YES;
				INFOPLIST_KEY_UILaunchStoryboardName = LaunchScreen;
				INFOPLIST_KEY_UIMainStoryboardFile = Main;
				INFOPLIST_KEY_UISupportedInterfaceOrientations = UIInterfaceOrientationPortrait;
				INFOPLIST_KEY_UISupportedInterfaceOrientations_iPad = "UIInterfaceOrientationLandscapeLeft UIInterfaceOrientationLandscapeRight UIInterfaceOrientationPortrait UIInterfaceOrientationPortraitUpsideDown";
				LD_RUNPATH_SEARCH_PATHS = (
					"$(inherited)",
					"@executable_path/Frameworks",
				);
				MARKETING_VERSION = 1.0;
				PRODUCT_BUNDLE_IDENTIFIER = io.woozoobro.TaskCountdown;
				PRODUCT_NAME = "$(TARGET_NAME)";
				SWIFT_EMIT_LOC_STRINGS = YES;
				SWIFT_VERSION = 5.0;
				TARGETED_DEVICE_FAMILY = "1,2";
			};
			name = Release;
		};
/* End XCBuildConfiguration section */

/* Begin XCConfigurationList section */
		9DB9B1BD2954B53C00FBC8B2 /* Build configuration list for PBXProject "TaskCountdown" */ = {
			isa = XCConfigurationList;
			buildConfigurations = (
				9DB9B1D72954B53D00FBC8B2 /* Debug */,
				9DB9B1D82954B53D00FBC8B2 /* Release */,
			);
			defaultConfigurationIsVisible = 0;
			defaultConfigurationName = Release;
		};
		9DB9B1D92954B53D00FBC8B2 /* Build configuration list for PBXNativeTarget "TaskCountdown" */ = {
			isa = XCConfigurationList;
			buildConfigurations = (
				9DB9B1DA2954B53D00FBC8B2 /* Debug */,
				9DB9B1DB2954B53D00FBC8B2 /* Release */,
			);
			defaultConfigurationIsVisible = 0;
			defaultConfigurationName = Release;
		};
/* End XCConfigurationList section */

/* Begin XCVersionGroup section */
		9DB9B1CE2954B53C00FBC8B2 /* TaskCountdown.xcdatamodeld */ = {
			isa = XCVersionGroup;
			children = (
				9DB9B1CF2954B53C00FBC8B2 /* TaskCountdown.xcdatamodel */,
			);
			currentVersion = 9DB9B1CF2954B53C00FBC8B2 /* TaskCountdown.xcdatamodel */;
			path = TaskCountdown.xcdatamodeld;
			sourceTree = "<group>";
			versionGroupType = wrapper.xcdatamodel;
		};
/* End XCVersionGroup section */
	};
	rootObject = 9DB9B1BA2954B53C00FBC8B2 /* Project object */;
}
